
Microsoft Visual Studio Solution File, Format Version 12.00
# Visual Studio 15
VisualStudioVersion = 15.0.28307.168
MinimumVisualStudioVersion = 10.0.40219.1
Project("{9A19103F-16F7-4668-BE54-9A1E7A4F7556}") = "SingleThreadingVersion", "MainModule\SingleThreadingVersion.csproj", "{66BAD8BA-DDA0-4EEE-B786-F8CE95BFD94E}"
EndProject
Project("{9A19103F-16F7-4668-BE54-9A1E7A4F7556}") = "MultiThreadingVersion", "MultiThreadingVersion\MultiThreadingVersion.csproj", "{C22A2216-6803-4281-8229-CA36290453C1}"
EndProject
Project("{9A19103F-16F7-4668-BE54-9A1E7A4F7556}") = "RelevantFunction", "RelevantFunction\RelevantFunction.csproj", "{9AB06987-F2C5-42DC-A040-E0476DA07C69}"
EndProject
Project("{9A19103F-16F7-4668-BE54-9A1E7A4F7556}") = "Testing", "Testing\Testing.csproj", "{E7C6C135-82E2-4A61-BE17-3B10CFFF155B}"
EndProject
Global
	GlobalSection(Performance) = preSolution
		HasPerformanceSessions = true
	EndGlobalSection
	GlobalSection(SolutionConfigurationPlatforms) = preSolution
		Debug|Any CPU = Debug|Any CPU
		Release|Any CPU = Release|Any CPU
	EndGlobalSection
	GlobalSection(ProjectConfigurationPlatforms) = postSolution
		{66BAD8BA-DDA0-4EEE-B786-F8CE95BFD94E}.Debug|Any CPU.ActiveCfg = Debug|Any CPU
		{66BAD8BA-DDA0-4EEE-B786-F8CE95BFD94E}.Debug|Any CPU.Build.0 = Debug|Any CPU
		{66BAD8BA-DDA0-4EEE-B786-F8CE95BFD94E}.Release|Any CPU.ActiveCfg = Release|Any CPU
		{66BAD8BA-DDA0-4EEE-B786-F8CE95BFD94E}.Release|Any CPU.Build.0 = Release|Any CPU
		{C22A2216-6803-4281-8229-CA36290453C1}.Debug|Any CPU.ActiveCfg = Debug|Any CPU
		{C22A2216-6803-4281-8229-CA36290453C1}.Debug|Any CPU.Build.0 = Debug|Any CPU
		{C22A2216-6803-4281-8229-CA36290453C1}.Release|Any CPU.ActiveCfg = Release|Any CPU
		{C22A2216-6803-4281-8229-CA36290453C1}.Release|Any CPU.Build.0 = Release|Any CPU
		{9AB06987-F2C5-42DC-A040-E0476DA07C69}.Debug|Any CPU.ActiveCfg = Debug|Any CPU
		{9AB06987-F2C5-42DC-A040-E0476DA07C69}.Debug|Any CPU.Build.0 = Debug|Any CPU
		{9AB06987-F2C5-42DC-A040-E0476DA07C69}.Release|Any CPU.ActiveCfg = Release|Any CPU
		{9AB06987-F2C5-42DC-A040-E0476DA07C69}.Release|Any CPU.Build.0 = Release|Any CPU
		{E7C6C135-82E2-4A61-BE17-3B10CFFF155B}.Debug|Any CPU.ActiveCfg = Debug|Any CPU
		{E7C6C135-82E2-4A61-BE17-3B10CFFF155B}.Debug|Any CPU.Build.0 = Debug|Any CPU
		{E7C6C135-82E2-4A61-BE17-3B10CFFF155B}.Release|Any CPU.ActiveCfg = Release|Any CPU
		{E7C6C135-82E2-4A61-BE17-3B10CFFF155B}.Release|Any CPU.Build.0 = Release|Any CPU
	EndGlobalSection
	GlobalSection(SolutionProperties) = preSolution
		HideSolutionNode = FALSE
	EndGlobalSection
	GlobalSection(ExtensibilityGlobals) = postSolution
		SolutionGuid = {8971D0C2-7874-46CE-BC0C-33BE131CAD5F}
	EndGlobalSection
	GlobalSection(Performance) = preSolution
		HasPerformanceSessions = true
	EndGlobalSection
EndGlobal
